github.com/99designs/gqlgen v0.17.86 h1:C8N3UTa5heXX6twl+b0AJyGkTwYL6dNmFrgZNLRcU6w=
github.com/99designs/gqlgen v0.17.86/go.mod h1:KTrPl+vHA1IUzNlh4EYkl7+tcErL3MgKnhHrBcV74Fw=
github.com/mattn/go-sqlite3 v1.14.33 h1:A5blZ5ulQo2AtayQ9/limgHEkFreKj1Dv226a1K73s0=
github.com/mattn/go-sqlite3 v1.14.33/go.mod h1:Uh1q+B4BYcTPb+yiD3kU8Ct7aC0hY9fxUwlHK0RXw+Y=
